
Microsoft Visual Studio Solution File, Format Version 12.00
# Visual Studio Version 17
VisualStudioVersion = 17.4.33110.190
MinimumVisualStudioVersion = 10.0.40219.1
Project("{FAE04EC0-301F-11D3-BF4B-00C04F79EFBC}") = "QRFS", "QRFS\QRFS.csproj", "{ECEB6672-6AF2-462E-AEAC-34607EEACAB8}"
EndProject
Global
	GlobalSection(SolutionConfigurationPlatforms) = preSolution
		Debug|Any CPU = Debug|Any CPU
		Release|Any CPU = Release|Any CPU
	EndGlobalSection
	GlobalSection(ProjectConfigurationPlatforms) = postSolution
		{ECEB6672-6AF2-462E-AEAC-34607EEACAB8}.Debug|Any CPU.ActiveCfg = Debug|Any CPU
		{ECEB6672-6AF2-462E-AEAC-34607EEACAB8}.Debug|Any CPU.Build.0 = Debug|Any CPU
		{ECEB6672-6AF2-462E-AEAC-34607EEACAB8}.Release|Any CPU.ActiveCfg = Release|Any CPU
		{ECEB6672-6AF2-462E-AEAC-34607EEACAB8}.Release|Any CPU.Build.0 = Release|Any CPU
	EndGlobalSection
	GlobalSection(SolutionProperties) = preSolution
		HideSolutionNode = FALSE
	EndGlobalSection
	GlobalSection(ExtensibilityGlobals) = postSolution
		SolutionGuid = {BA27A616-67D8-481C-AFD3-B1BAE41EA3F8}
	EndGlobalSection
EndGlobal
